
Microsoft Visual Studio Solution File, Format Version 12.00
# Visual Studio Version 16
VisualStudioVersion = 16.0.31729.503
MinimumVisualStudioVersion = 10.0.40219.1
Project("{FAE04EC0-301F-11D3-BF4B-00C04F79EFBC}") = "AcademyEF6", "AcademyEF6\AcademyEF6.csproj", "{F9915916-B02C-43A4-A0BD-BCA2B325AF5A}"
EndProject
Global
	GlobalSection(SolutionConfigurationPlatforms) = preSolution
		Debug|Any CPU = Debug|Any CPU
		Release|Any CPU = Release|Any CPU
	EndGlobalSection
	GlobalSection(ProjectConfigurationPlatforms) = postSolution
		{F9915916-B02C-43A4-A0BD-BCA2B325AF5A}.Debug|Any CPU.ActiveCfg = Debug|Any CPU
		{F9915916-B02C-43A4-A0BD-BCA2B325AF5A}.Debug|Any CPU.Build.0 = Debug|Any CPU
		{F9915916-B02C-43A4-A0BD-BCA2B325AF5A}.Release|Any CPU.ActiveCfg = Release|Any CPU
		{F9915916-B02C-43A4-A0BD-BCA2B325AF5A}.Release|Any CPU.Build.0 = Release|Any CPU
	EndGlobalSection
	GlobalSection(SolutionProperties) = preSolution
		HideSolutionNode = FALSE
	EndGlobalSection
	GlobalSection(ExtensibilityGlobals) = postSolution
		SolutionGuid = {F56F34C9-59C8-48F8-BADC-8FA5154D85E6}
	EndGlobalSection
EndGlobal
