
Microsoft Visual Studio Solution File, Format Version 12.00
# Visual Studio Version 17
VisualStudioVersion = 17.0.31903.59
MinimumVisualStudioVersion = 10.0.40219.1
Project("{FAE04EC0-301F-11D3-BF4B-00C04F79EFBC}") = "Academy.UI.WPF", "Academia.UI.WPF\Academy.UI.WPF.csproj", "{3AB49B67-8C72-4BD1-AAED-E6CA07A2EA20}"
EndProject
Project("{FAE04EC0-301F-11D3-BF4B-00C04F79EFBC}") = "Academy.Lib", "Academy.Lib\Academy.Lib.csproj", "{BC6D2CB5-5330-40FE-BA7D-F28261B494DC}"
EndProject
Global
	GlobalSection(SolutionConfigurationPlatforms) = preSolution
		Debug|Any CPU = Debug|Any CPU
		Release|Any CPU = Release|Any CPU
	EndGlobalSection
	GlobalSection(ProjectConfigurationPlatforms) = postSolution
		{3AB49B67-8C72-4BD1-AAED-E6CA07A2EA20}.Debug|Any CPU.ActiveCfg = Debug|Any CPU
		{3AB49B67-8C72-4BD1-AAED-E6CA07A2EA20}.Debug|Any CPU.Build.0 = Debug|Any CPU
		{3AB49B67-8C72-4BD1-AAED-E6CA07A2EA20}.Release|Any CPU.ActiveCfg = Release|Any CPU
		{3AB49B67-8C72-4BD1-AAED-E6CA07A2EA20}.Release|Any CPU.Build.0 = Release|Any CPU
		{BC6D2CB5-5330-40FE-BA7D-F28261B494DC}.Debug|Any CPU.ActiveCfg = Debug|Any CPU
		{BC6D2CB5-5330-40FE-BA7D-F28261B494DC}.Debug|Any CPU.Build.0 = Debug|Any CPU
		{BC6D2CB5-5330-40FE-BA7D-F28261B494DC}.Release|Any CPU.ActiveCfg = Release|Any CPU
		{BC6D2CB5-5330-40FE-BA7D-F28261B494DC}.Release|Any CPU.Build.0 = Release|Any CPU
	EndGlobalSection
	GlobalSection(SolutionProperties) = preSolution
		HideSolutionNode = FALSE
	EndGlobalSection
	GlobalSection(ExtensibilityGlobals) = postSolution
		SolutionGuid = {21D21A24-26EE-4618-BFED-A62F3A9C1E22}
	EndGlobalSection
EndGlobal
