
Microsoft Visual Studio Solution File, Format Version 12.00
# Visual Studio Version 17
VisualStudioVersion = 17.0.31903.59
MinimumVisualStudioVersion = 10.0.40219.1
Project("{9A19103F-16F7-4668-BE54-9A1E7A4F7556}") = "School.Lib", "School.Lib\School.Lib.csproj", "{B4F6077F-5812-4C1C-B39F-BA896FE2AFDA}"
EndProject
Project("{9A19103F-16F7-4668-BE54-9A1E7A4F7556}") = "School.UI.WPF.SQL", "School.UI.WPF\School.UI.WPF.SQL.csproj", "{9BE77E86-240E-4D19-A0F3-E78189780319}"
EndProject
Project("{9A19103F-16F7-4668-BE54-9A1E7A4F7556}") = "School.UI.WPF.MySQL", "School.UI.WPF.MySQL\School.UI.WPF.MySQL.csproj", "{2F1476C9-49B6-488A-AC67-C899474AB7CA}"
EndProject
Project("{FAE04EC0-301F-11D3-BF4B-00C04F79EFBC}") = "School.UI.WPF.MySQL.EFCore6", "School.UI.WPF.MySQL.EFCore6\School.UI.WPF.MySQL.EFCore6.csproj", "{0D8FFACF-95D6-45CC-AA17-BF72402EE0E6}"
EndProject
Global
	GlobalSection(SolutionConfigurationPlatforms) = preSolution
		Debug|Any CPU = Debug|Any CPU
		Release|Any CPU = Release|Any CPU
	EndGlobalSection
	GlobalSection(ProjectConfigurationPlatforms) = postSolution
		{B4F6077F-5812-4C1C-B39F-BA896FE2AFDA}.Debug|Any CPU.ActiveCfg = Debug|Any CPU
		{B4F6077F-5812-4C1C-B39F-BA896FE2AFDA}.Debug|Any CPU.Build.0 = Debug|Any CPU
		{B4F6077F-5812-4C1C-B39F-BA896FE2AFDA}.Release|Any CPU.ActiveCfg = Release|Any CPU
		{B4F6077F-5812-4C1C-B39F-BA896FE2AFDA}.Release|Any CPU.Build.0 = Release|Any CPU
		{9BE77E86-240E-4D19-A0F3-E78189780319}.Debug|Any CPU.ActiveCfg = Debug|Any CPU
		{9BE77E86-240E-4D19-A0F3-E78189780319}.Debug|Any CPU.Build.0 = Debug|Any CPU
		{9BE77E86-240E-4D19-A0F3-E78189780319}.Release|Any CPU.ActiveCfg = Release|Any CPU
		{9BE77E86-240E-4D19-A0F3-E78189780319}.Release|Any CPU.Build.0 = Release|Any CPU
		{2F1476C9-49B6-488A-AC67-C899474AB7CA}.Debug|Any CPU.ActiveCfg = Debug|Any CPU
		{2F1476C9-49B6-488A-AC67-C899474AB7CA}.Debug|Any CPU.Build.0 = Debug|Any CPU
		{2F1476C9-49B6-488A-AC67-C899474AB7CA}.Release|Any CPU.ActiveCfg = Release|Any CPU
		{2F1476C9-49B6-488A-AC67-C899474AB7CA}.Release|Any CPU.Build.0 = Release|Any CPU
		{0D8FFACF-95D6-45CC-AA17-BF72402EE0E6}.Debug|Any CPU.ActiveCfg = Debug|Any CPU
		{0D8FFACF-95D6-45CC-AA17-BF72402EE0E6}.Debug|Any CPU.Build.0 = Debug|Any CPU
		{0D8FFACF-95D6-45CC-AA17-BF72402EE0E6}.Release|Any CPU.ActiveCfg = Release|Any CPU
		{0D8FFACF-95D6-45CC-AA17-BF72402EE0E6}.Release|Any CPU.Build.0 = Release|Any CPU
	EndGlobalSection
	GlobalSection(SolutionProperties) = preSolution
		HideSolutionNode = FALSE
	EndGlobalSection
	GlobalSection(ExtensibilityGlobals) = postSolution
		SolutionGuid = {EB903F90-2C71-4CAB-942F-410929AA2A1A}
	EndGlobalSection
EndGlobal
