
Microsoft Visual Studio Solution File, Format Version 12.00
# Visual Studio Version 17
VisualStudioVersion = 17.0.31717.71
MinimumVisualStudioVersion = 10.0.40219.1
Project("{FAE04EC0-301F-11D3-BF4B-00C04F79EFBC}") = "WpfApp1.SQL", "WpfApp1\WpfApp1.SQL.csproj", "{BC5399A6-567F-4E8B-894F-6664D909ED21}"
EndProject
Project("{FAE04EC0-301F-11D3-BF4B-00C04F79EFBC}") = "WpfApp.MySQL", "WpfApp.MySQL\WpfApp.MySQL.csproj", "{07A0CC8C-45F2-4A01-B021-E16A8B1FB82E}"
EndProject
Global
	GlobalSection(SolutionConfigurationPlatforms) = preSolution
		Debug|Any CPU = Debug|Any CPU
		Release|Any CPU = Release|Any CPU
	EndGlobalSection
	GlobalSection(ProjectConfigurationPlatforms) = postSolution
		{BC5399A6-567F-4E8B-894F-6664D909ED21}.Debug|Any CPU.ActiveCfg = Debug|Any CPU
		{BC5399A6-567F-4E8B-894F-6664D909ED21}.Debug|Any CPU.Build.0 = Debug|Any CPU
		{BC5399A6-567F-4E8B-894F-6664D909ED21}.Release|Any CPU.ActiveCfg = Release|Any CPU
		{BC5399A6-567F-4E8B-894F-6664D909ED21}.Release|Any CPU.Build.0 = Release|Any CPU
		{07A0CC8C-45F2-4A01-B021-E16A8B1FB82E}.Debug|Any CPU.ActiveCfg = Debug|Any CPU
		{07A0CC8C-45F2-4A01-B021-E16A8B1FB82E}.Debug|Any CPU.Build.0 = Debug|Any CPU
		{07A0CC8C-45F2-4A01-B021-E16A8B1FB82E}.Release|Any CPU.ActiveCfg = Release|Any CPU
		{07A0CC8C-45F2-4A01-B021-E16A8B1FB82E}.Release|Any CPU.Build.0 = Release|Any CPU
	EndGlobalSection
	GlobalSection(SolutionProperties) = preSolution
		HideSolutionNode = FALSE
	EndGlobalSection
	GlobalSection(ExtensibilityGlobals) = postSolution
		SolutionGuid = {2CEBC977-B4FD-43B6-8E85-E443790A72D1}
	EndGlobalSection
EndGlobal
