
Microsoft Visual Studio Solution File, Format Version 12.00
# Visual Studio Version 16
VisualStudioVersion = 16.0.31729.503
MinimumVisualStudioVersion = 10.0.40219.1
Project("{FAE04EC0-301F-11D3-BF4B-00C04F79EFBC}") = "WpfApp2", "WpfApp2\WpfApp2.csproj", "{C86E5C53-6377-458F-84E3-C76404F92230}"
EndProject
Global
	GlobalSection(SolutionConfigurationPlatforms) = preSolution
		Debug|Any CPU = Debug|Any CPU
		Release|Any CPU = Release|Any CPU
	EndGlobalSection
	GlobalSection(ProjectConfigurationPlatforms) = postSolution
		{C86E5C53-6377-458F-84E3-C76404F92230}.Debug|Any CPU.ActiveCfg = Debug|Any CPU
		{C86E5C53-6377-458F-84E3-C76404F92230}.Debug|Any CPU.Build.0 = Debug|Any CPU
		{C86E5C53-6377-458F-84E3-C76404F92230}.Release|Any CPU.ActiveCfg = Release|Any CPU
		{C86E5C53-6377-458F-84E3-C76404F92230}.Release|Any CPU.Build.0 = Release|Any CPU
	EndGlobalSection
	GlobalSection(SolutionProperties) = preSolution
		HideSolutionNode = FALSE
	EndGlobalSection
	GlobalSection(ExtensibilityGlobals) = postSolution
		SolutionGuid = {41989420-673D-40FA-B84F-9B1BD93F33F1}
	EndGlobalSection
EndGlobal
