
Microsoft Visual Studio Solution File, Format Version 12.00
# Visual Studio Version 16
VisualStudioVersion = 16.0.31729.503
MinimumVisualStudioVersion = 10.0.40219.1
Project("{FAE04EC0-301F-11D3-BF4B-00C04F79EFBC}") = "WpfApp3", "WpfApp3\WpfApp3.csproj", "{E3F71730-58A5-4359-BFC3-317BC6D86F8E}"
EndProject
Global
	GlobalSection(SolutionConfigurationPlatforms) = preSolution
		Debug|Any CPU = Debug|Any CPU
		Release|Any CPU = Release|Any CPU
	EndGlobalSection
	GlobalSection(ProjectConfigurationPlatforms) = postSolution
		{E3F71730-58A5-4359-BFC3-317BC6D86F8E}.Debug|Any CPU.ActiveCfg = Debug|Any CPU
		{E3F71730-58A5-4359-BFC3-317BC6D86F8E}.Debug|Any CPU.Build.0 = Debug|Any CPU
		{E3F71730-58A5-4359-BFC3-317BC6D86F8E}.Release|Any CPU.ActiveCfg = Release|Any CPU
		{E3F71730-58A5-4359-BFC3-317BC6D86F8E}.Release|Any CPU.Build.0 = Release|Any CPU
	EndGlobalSection
	GlobalSection(SolutionProperties) = preSolution
		HideSolutionNode = FALSE
	EndGlobalSection
	GlobalSection(ExtensibilityGlobals) = postSolution
		SolutionGuid = {C4AF1FA1-DAF3-4028-8B96-F86D3C2C4F42}
	EndGlobalSection
EndGlobal
