
Microsoft Visual Studio Solution File, Format Version 12.00
# Visual Studio Version 17
VisualStudioVersion = 17.0.31903.59
MinimumVisualStudioVersion = 10.0.40219.1
Project("{FAE04EC0-301F-11D3-BF4B-00C04F79EFBC}") = "SpaceshipsShop.Lib", "SpaceshipsShop.Lib\SpaceshipsShop.Lib.csproj", "{F8C20492-CEC6-4B73-AFB4-3F1D5FA2C4ED}"
EndProject
Project("{FAE04EC0-301F-11D3-BF4B-00C04F79EFBC}") = "SpaceshipsShop.Web", "SpaceshipsShop.Web\SpaceshipsShop.Web.csproj", "{03A2F40E-22BC-4858-90F3-694EA3C9507A}"
EndProject
Global
	GlobalSection(SolutionConfigurationPlatforms) = preSolution
		Debug|Any CPU = Debug|Any CPU
		Release|Any CPU = Release|Any CPU
	EndGlobalSection
	GlobalSection(ProjectConfigurationPlatforms) = postSolution
		{F8C20492-CEC6-4B73-AFB4-3F1D5FA2C4ED}.Debug|Any CPU.ActiveCfg = Debug|Any CPU
		{F8C20492-CEC6-4B73-AFB4-3F1D5FA2C4ED}.Debug|Any CPU.Build.0 = Debug|Any CPU
		{F8C20492-CEC6-4B73-AFB4-3F1D5FA2C4ED}.Release|Any CPU.ActiveCfg = Release|Any CPU
		{F8C20492-CEC6-4B73-AFB4-3F1D5FA2C4ED}.Release|Any CPU.Build.0 = Release|Any CPU
		{03A2F40E-22BC-4858-90F3-694EA3C9507A}.Debug|Any CPU.ActiveCfg = Debug|Any CPU
		{03A2F40E-22BC-4858-90F3-694EA3C9507A}.Debug|Any CPU.Build.0 = Debug|Any CPU
		{03A2F40E-22BC-4858-90F3-694EA3C9507A}.Release|Any CPU.ActiveCfg = Release|Any CPU
		{03A2F40E-22BC-4858-90F3-694EA3C9507A}.Release|Any CPU.Build.0 = Release|Any CPU
	EndGlobalSection
	GlobalSection(SolutionProperties) = preSolution
		HideSolutionNode = FALSE
	EndGlobalSection
	GlobalSection(ExtensibilityGlobals) = postSolution
		SolutionGuid = {475839B3-B367-44D1-A547-5350B9DA90DE}
	EndGlobalSection
EndGlobal
